# THIS IS AN AUTOGENERATED FILE. DO NOT EDIT THIS FILE DIRECTLY.
# yarn lockfile v1


react-use-websocket@3.0.0:
  version "3.0.0"
  resolved "https://registry.yarnpkg.com/react-use-websocket/-/react-use-websocket-3.0.0.tgz#754cb8eea76f55d31c5676d4abe3e573bc2cea04"
  integrity sha512-BInlbhXYrODBPKIplDAmI0J1VPM+1KhCLN09o+dzgQ8qMyrYs4t5kEYmCrTqyRuMTmpahylHFZWQXpfYyDkqOw==
